
Microsoft Visual Studio Solution File, Format Version 12.00
# Visual Studio Version 17
VisualStudioVersion = 17.10.35013.160
MinimumVisualStudioVersion = 10.0.40219.1
Project("{FAE04EC0-301F-11D3-BF4B-00C04F79EFBC}") = "HomeBuddy.Data", "HomeBuddy.Data\HomeBuddy.Data.csproj", "{76984703-0E71-4062-A3C2-4B1B660FA4DF}"
EndProject
Project("{FAE04EC0-301F-11D3-BF4B-00C04F79EFBC}") = "HomeBuddy.Service", "HomeBuddy.Service\HomeBuddy.Service.csproj", "{9EDD3636-7049-4336-8FE0-3CB896437606}"
EndProject
Project("{FAE04EC0-301F-11D3-BF4B-00C04F79EFBC}") = "HomeBuddy.API", "HomeBuddy.API\HomeBuddy.API.csproj", "{303C491E-E955-4F0A-9636-92239E16AD59}"
EndProject
Global
	GlobalSection(SolutionConfigurationPlatforms) = preSolution
		Debug|Any CPU = Debug|Any CPU
		Release|Any CPU = Release|Any CPU
	EndGlobalSection
	GlobalSection(ProjectConfigurationPlatforms) = postSolution
		{76984703-0E71-4062-A3C2-4B1B660FA4DF}.Debug|Any CPU.ActiveCfg = Debug|Any CPU
		{76984703-0E71-4062-A3C2-4B1B660FA4DF}.Debug|Any CPU.Build.0 = Debug|Any CPU
		{76984703-0E71-4062-A3C2-4B1B660FA4DF}.Release|Any CPU.ActiveCfg = Release|Any CPU
		{76984703-0E71-4062-A3C2-4B1B660FA4DF}.Release|Any CPU.Build.0 = Release|Any CPU
		{9EDD3636-7049-4336-8FE0-3CB896437606}.Debug|Any CPU.ActiveCfg = Debug|Any CPU
		{9EDD3636-7049-4336-8FE0-3CB896437606}.Debug|Any CPU.Build.0 = Debug|Any CPU
		{9EDD3636-7049-4336-8FE0-3CB896437606}.Release|Any CPU.ActiveCfg = Release|Any CPU
		{9EDD3636-7049-4336-8FE0-3CB896437606}.Release|Any CPU.Build.0 = Release|Any CPU
		{303C491E-E955-4F0A-9636-92239E16AD59}.Debug|Any CPU.ActiveCfg = Debug|Any CPU
		{303C491E-E955-4F0A-9636-92239E16AD59}.Debug|Any CPU.Build.0 = Debug|Any CPU
		{303C491E-E955-4F0A-9636-92239E16AD59}.Release|Any CPU.ActiveCfg = Release|Any CPU
		{303C491E-E955-4F0A-9636-92239E16AD59}.Release|Any CPU.Build.0 = Release|Any CPU
	EndGlobalSection
	GlobalSection(SolutionProperties) = preSolution
		HideSolutionNode = FALSE
	EndGlobalSection
	GlobalSection(ExtensibilityGlobals) = postSolution
		SolutionGuid = {4554A54F-475B-46DE-A277-52A482AB7814}
	EndGlobalSection
EndGlobal
